
Microsoft Visual Studio Solution File, Format Version 12.00
# Visual Studio Version 16
VisualStudioVersion = 16.0.31424.327
MinimumVisualStudioVersion = 10.0.40219.1
Project("{FAE04EC0-301F-11D3-BF4B-00C04F79EFBC}") = "Rightanglewithstars", "Rightanglewithstars\Rightanglewithstars.csproj", "{7C5BF693-6112-413F-AA56-70AC787DACBC}"
EndProject
Global
	GlobalSection(SolutionConfigurationPlatforms) = preSolution
		Debug|Any CPU = Debug|Any CPU
		Release|Any CPU = Release|Any CPU
	EndGlobalSection
	GlobalSection(ProjectConfigurationPlatforms) = postSolution
		{7C5BF693-6112-413F-AA56-70AC787DACBC}.Debug|Any CPU.ActiveCfg = Debug|Any CPU
		{7C5BF693-6112-413F-AA56-70AC787DACBC}.Debug|Any CPU.Build.0 = Debug|Any CPU
		{7C5BF693-6112-413F-AA56-70AC787DACBC}.Release|Any CPU.ActiveCfg = Release|Any CPU
		{7C5BF693-6112-413F-AA56-70AC787DACBC}.Release|Any CPU.Build.0 = Release|Any CPU
	EndGlobalSection
	GlobalSection(SolutionProperties) = preSolution
		HideSolutionNode = FALSE
	EndGlobalSection
	GlobalSection(ExtensibilityGlobals) = postSolution
		SolutionGuid = {4DF9CBCD-618B-4AE0-B675-AA6869BA4A17}
	EndGlobalSection
EndGlobal
